// !$*UTF8*$!
{
	archiveVersion = 1;
	classes = {
	};
	objectVersion = 46;
	objects = {

/* Begin PBXBuildFile section */
		5A189F2046C6419EB0E03A8A /* libPods.a in Frameworks */ = {isa = PBXBuildFile; fileRef = 6CCE688C1A5348818DD0B369 /* libPods.a */; };
		C7072B2B1963052300F8A244 /* bg-general@2x.png in Resources */ = {isa = PBXBuildFile; fileRef = C7072B2A1963052300F8A244 /* bg-general@2x.png */; };
		C7072B2D19631FAB00F8A244 /* DetailPostView.swift in Sources */ = {isa = PBXBuildFile; fileRef = C7072B2C19631FAB00F8A244 /* DetailPostView.swift */; };
		C7072B2F1963638500F8A244 /* bg2@2x.jpg in Resources */ = {isa = PBXBuildFile; fileRef = C7072B2E1963638500F8A244 /* bg2@2x.jpg */; };
		C7072B311963639B00F8A244 /* bg3@2x.jpg in Resources */ = {isa = PBXBuildFile; fileRef = C7072B301963639B00F8A244 /* bg3@2x.jpg */; };
		C707AC80195E127F00E43F53 /* AppDelegate.swift in Sources */ = {isa = PBXBuildFile; fileRef = C707AC7F195E127F00E43F53 /* AppDelegate.swift */; };
		C707AC85195E127F00E43F53 /* Main.storyboard in Resources */ = {isa = PBXBuildFile; fileRef = C707AC83195E127F00E43F53 /* Main.storyboard */; };
		C707AC87195E127F00E43F53 /* Images.xcassets in Resources */ = {isa = PBXBuildFile; fileRef = C707AC86195E127F00E43F53 /* Images.xcassets */; };
		C707AC93195E127F00E43F53 /* CiudadInvisibleTests.swift in Sources */ = {isa = PBXBuildFile; fileRef = C707AC92195E127F00E43F53 /* CiudadInvisibleTests.swift */; };
		C718C1F5195EF79100389FFD /* PostsViewController.swift in Sources */ = {isa = PBXBuildFile; fileRef = C718C1F4195EF79100389FFD /* PostsViewController.swift */; };
		C718C1FB195EF91F00389FFD /* bg1@2x.jpg in Resources */ = {isa = PBXBuildFile; fileRef = C718C1FA195EF91F00389FFD /* bg1@2x.jpg */; };
		C718C1FD195EFE7000389FFD /* camera@2x.png in Resources */ = {isa = PBXBuildFile; fileRef = C718C1FC195EFE7000389FFD /* camera@2x.png */; };
		C718C202195F0C9300389FFD /* PostView.swift in Sources */ = {isa = PBXBuildFile; fileRef = C718C201195F0C9300389FFD /* PostView.swift */; };
		C7353A28197AADF4002F4E54 /* bg4@2x.jpg in Resources */ = {isa = PBXBuildFile; fileRef = C7353A27197AADF4002F4E54 /* bg4@2x.jpg */; };
		C7353A2B197AB310002F4E54 /* PostDetailMapCell.swift in Sources */ = {isa = PBXBuildFile; fileRef = C7353A2A197AB310002F4E54 /* PostDetailMapCell.swift */; };
		C7353A2D197ABC32002F4E54 /* HelperForms.swift in Sources */ = {isa = PBXBuildFile; fileRef = C7353A2C197ABC32002F4E54 /* HelperForms.swift */; };
		C79D38BF196ED0AE00C8A4C8 /* eliminarImagen@2x.png in Resources */ = {isa = PBXBuildFile; fileRef = C79D38BD196ED0AE00C8A4C8 /* eliminarImagen@2x.png */; };
		C79D38C0196ED0AE00C8A4C8 /* camaraImagen@2x.png in Resources */ = {isa = PBXBuildFile; fileRef = C79D38BE196ED0AE00C8A4C8 /* camaraImagen@2x.png */; };
		C79D38ED196F257F00C8A4C8 /* PostsSlideViewController.swift in Sources */ = {isa = PBXBuildFile; fileRef = C79D38EC196F257F00C8A4C8 /* PostsSlideViewController.swift */; };
		C79D38EF196F270200C8A4C8 /* PostSlideCell.swift in Sources */ = {isa = PBXBuildFile; fileRef = C79D38EE196F270200C8A4C8 /* PostSlideCell.swift */; };
		C79D38F1196F292800C8A4C8 /* Post.swift in Sources */ = {isa = PBXBuildFile; fileRef = C79D38F0196F292800C8A4C8 /* Post.swift */; };
		C7A71A07196EC7C1008C82F4 /* PublicarMediaViewController.swift in Sources */ = {isa = PBXBuildFile; fileRef = C7A71A06196EC7C1008C82F4 /* PublicarMediaViewController.swift */; };
		C7ACF3231968590600EB74D5 /* RestApiHelper.swift in Sources */ = {isa = PBXBuildFile; fileRef = C7ACF3221968590600EB74D5 /* RestApiHelper.swift */; };
		C7ACF3251968673900EB74D5 /* PostsDetailViewController.swift in Sources */ = {isa = PBXBuildFile; fileRef = C7ACF3241968673900EB74D5 /* PostsDetailViewController.swift */; };
		C7B17423197174FD008F00E6 /* PublicarMapaViewController.swift in Sources */ = {isa = PBXBuildFile; fileRef = C7B17422197174FD008F00E6 /* PublicarMapaViewController.swift */; };
		C7B17425197175EC008F00E6 /* MapKit.framework in Frameworks */ = {isa = PBXBuildFile; fileRef = C7B17424197175EC008F00E6 /* MapKit.framework */; };
		C7F851BE1968A599002B38FF /* UIImage+ImageEffects.m in Sources */ = {isa = PBXBuildFile; fileRef = C7F851BD1968A599002B38FF /* UIImage+ImageEffects.m */; };
		C7F851C01969F405002B38FF /* MainViewController.swift in Sources */ = {isa = PBXBuildFile; fileRef = C7F851BF1969F405002B38FF /* MainViewController.swift */; };
		C7F851C21969F58F002B38FF /* CameraPreviewView.swift in Sources */ = {isa = PBXBuildFile; fileRef = C7F851C11969F58F002B38FF /* CameraPreviewView.swift */; };
		C7F851C41969F639002B38FF /* AVFoundation.framework in Frameworks */ = {isa = PBXBuildFile; fileRef = C7F851C31969F639002B38FF /* AVFoundation.framework */; };
/* End PBXBuildFile section */

/* Begin PBXContainerItemProxy section */
		C707AC8D195E127F00E43F53 /* PBXContainerItemProxy */ = {
			isa = PBXContainerItemProxy;
			containerPortal = C707AC72195E127E00E43F53 /* Project object */;
			proxyType = 1;
			remoteGlobalIDString = C707AC79195E127E00E43F53;
			remoteInfo = CiudadInvisible;
		};
/* End PBXContainerItemProxy section */

/* Begin PBXFileReference section */
		217DE757A0F64215828105CE /* Pods.xcconfig */ = {isa = PBXFileReference; includeInIndex = 1; lastKnownFileType = text.xcconfig; name = Pods.xcconfig; path = Pods/Pods.xcconfig; sourceTree = "<group>"; };
		6CCE688C1A5348818DD0B369 /* libPods.a */ = {isa = PBXFileReference; explicitFileType = archive.ar; includeInIndex = 0; path = libPods.a; sourceTree = BUILT_PRODUCTS_DIR; };
		C7072B2A1963052300F8A244 /* bg-general@2x.png */ = {isa = PBXFileReference; lastKnownFileType = image.png; path = "bg-general@2x.png"; sourceTree = "<group>"; };
		C7072B2C19631FAB00F8A244 /* DetailPostView.swift */ = {isa = PBXFileReference; fileEncoding = 4; lastKnownFileType = sourcecode.swift; name = DetailPostView.swift; path = views/DetailPostView.swift; sourceTree = "<group>"; };
		C7072B2E1963638500F8A244 /* bg2@2x.jpg */ = {isa = PBXFileReference; lastKnownFileType = image.jpeg; path = "bg2@2x.jpg"; sourceTree = "<group>"; };
		C7072B301963639B00F8A244 /* bg3@2x.jpg */ = {isa = PBXFileReference; lastKnownFileType = image.jpeg; path = "bg3@2x.jpg"; sourceTree = "<group>"; };
		C707AC7A195E127F00E43F53 /* CiudadInvisible.app */ = {isa = PBXFileReference; explicitFileType = wrapper.application; includeInIndex = 0; path = CiudadInvisible.app; sourceTree = BUILT_PRODUCTS_DIR; };
		C707AC7E195E127F00E43F53 /* Info.plist */ = {isa = PBXFileReference; lastKnownFileType = text.plist.xml; path = Info.plist; sourceTree = "<group>"; };
		C707AC7F195E127F00E43F53 /* AppDelegate.swift */ = {isa = PBXFileReference; lastKnownFileType = sourcecode.swift; path = AppDelegate.swift; sourceTree = "<group>"; };
		C707AC84195E127F00E43F53 /* Base */ = {isa = PBXFileReference; lastKnownFileType = file.storyboard; name = Base; path = Base.lproj/Main.storyboard; sourceTree = "<group>"; };
		C707AC86195E127F00E43F53 /* Images.xcassets */ = {isa = PBXFileReference; lastKnownFileType = folder.assetcatalog; path = Images.xcassets; sourceTree = "<group>"; };
		C707AC8C195E127F00E43F53 /* CiudadInvisibleTests.xctest */ = {isa = PBXFileReference; explicitFileType = wrapper.cfbundle; includeInIndex = 0; path = CiudadInvisibleTests.xctest; sourceTree = BUILT_PRODUCTS_DIR; };
		C707AC91195E127F00E43F53 /* Info.plist */ = {isa = PBXFileReference; lastKnownFileType = text.plist.xml; path = Info.plist; sourceTree = "<group>"; };
		C707AC92195E127F00E43F53 /* CiudadInvisibleTests.swift */ = {isa = PBXFileReference; lastKnownFileType = sourcecode.swift; path = CiudadInvisibleTests.swift; sourceTree = "<group>"; };
		C718C1F4195EF79100389FFD /* PostsViewController.swift */ = {isa = PBXFileReference; fileEncoding = 4; lastKnownFileType = sourcecode.swift; name = PostsViewController.swift; path = controllers/PostsViewController.swift; sourceTree = "<group>"; };
		C718C1FA195EF91F00389FFD /* bg1@2x.jpg */ = {isa = PBXFileReference; lastKnownFileType = image.jpeg; path = "bg1@2x.jpg"; sourceTree = "<group>"; };
		C718C1FC195EFE7000389FFD /* camera@2x.png */ = {isa = PBXFileReference; lastKnownFileType = image.png; path = "camera@2x.png"; sourceTree = "<group>"; };
		C718C201195F0C9300389FFD /* PostView.swift */ = {isa = PBXFileReference; fileEncoding = 4; lastKnownFileType = sourcecode.swift; name = PostView.swift; path = views/PostView.swift; sourceTree = "<group>"; };
		C7353A27197AADF4002F4E54 /* bg4@2x.jpg */ = {isa = PBXFileReference; lastKnownFileType = image.jpeg; path = "bg4@2x.jpg"; sourceTree = "<group>"; };
		C7353A2A197AB310002F4E54 /* PostDetailMapCell.swift */ = {isa = PBXFileReference; fileEncoding = 4; lastKnownFileType = sourcecode.swift; name = PostDetailMapCell.swift; path = views/PostDetailMapCell.swift; sourceTree = "<group>"; };
		C7353A2C197ABC32002F4E54 /* HelperForms.swift */ = {isa = PBXFileReference; fileEncoding = 4; lastKnownFileType = sourcecode.swift; name = HelperForms.swift; path = views/HelperForms.swift; sourceTree = "<group>"; };
		C79D38BD196ED0AE00C8A4C8 /* eliminarImagen@2x.png */ = {isa = PBXFileReference; lastKnownFileType = image.png; path = "eliminarImagen@2x.png"; sourceTree = "<group>"; };
		C79D38BE196ED0AE00C8A4C8 /* camaraImagen@2x.png */ = {isa = PBXFileReference; lastKnownFileType = image.png; path = "camaraImagen@2x.png"; sourceTree = "<group>"; };
		C79D38EC196F257F00C8A4C8 /* PostsSlideViewController.swift */ = {isa = PBXFileReference; fileEncoding = 4; lastKnownFileType = sourcecode.swift; name = PostsSlideViewController.swift; path = controllers/PostsSlideViewController.swift; sourceTree = "<group>"; };
		C79D38EE196F270200C8A4C8 /* PostSlideCell.swift */ = {isa = PBXFileReference; fileEncoding = 4; lastKnownFileType = sourcecode.swift; name = PostSlideCell.swift; path = views/PostSlideCell.swift; sourceTree = "<group>"; };
		C79D38F0196F292800C8A4C8 /* Post.swift */ = {isa = PBXFileReference; fileEncoding = 4; lastKnownFileType = sourcecode.swift; name = Post.swift; path = model/Post.swift; sourceTree = "<group>"; };
		C7A71A06196EC7C1008C82F4 /* PublicarMediaViewController.swift */ = {isa = PBXFileReference; fileEncoding = 4; lastKnownFileType = sourcecode.swift; name = PublicarMediaViewController.swift; path = controllers/PublicarMediaViewController.swift; sourceTree = "<group>"; };
		C7ACF320196856A600EB74D5 /* CiudadInvisible-Bridging-Header.h */ = {isa = PBXFileReference; lastKnownFileType = sourcecode.c.h; path = "CiudadInvisible-Bridging-Header.h"; sourceTree = "<group>"; };
		C7ACF3221968590600EB74D5 /* RestApiHelper.swift */ = {isa = PBXFileReference; fileEncoding = 4; lastKnownFileType = sourcecode.swift; name = RestApiHelper.swift; path = model/RestApiHelper.swift; sourceTree = "<group>"; };
		C7ACF3241968673900EB74D5 /* PostsDetailViewController.swift */ = {isa = PBXFileReference; fileEncoding = 4; lastKnownFileType = sourcecode.swift; name = PostsDetailViewController.swift; path = controllers/PostsDetailViewController.swift; sourceTree = "<group>"; };
		C7B17422197174FD008F00E6 /* PublicarMapaViewController.swift */ = {isa = PBXFileReference; fileEncoding = 4; lastKnownFileType = sourcecode.swift; name = PublicarMapaViewController.swift; path = controllers/PublicarMapaViewController.swift; sourceTree = "<group>"; };
		C7B17424197175EC008F00E6 /* MapKit.framework */ = {isa = PBXFileReference; lastKnownFileType = wrapper.framework; name = MapKit.framework; path = Platforms/iPhoneOS.platform/Developer/SDKs/iPhoneOS7.1.sdk/System/Library/Frameworks/MapKit.framework; sourceTree = DEVELOPER_DIR; };
		C7F851BC1968A599002B38FF /* UIImage+ImageEffects.h */ = {isa = PBXFileReference; fileEncoding = 4; lastKnownFileType = sourcecode.c.h; name = "UIImage+ImageEffects.h"; path = "Pods/LBBlurredImage/LBBlurredImage/UIImage+ImageEffects.h"; sourceTree = "<group>"; };
		C7F851BD1968A599002B38FF /* UIImage+ImageEffects.m */ = {isa = PBXFileReference; fileEncoding = 4; lastKnownFileType = sourcecode.c.objc; name = "UIImage+ImageEffects.m"; path = "Pods/LBBlurredImage/LBBlurredImage/UIImage+ImageEffects.m"; sourceTree = "<group>"; };
		C7F851BF1969F405002B38FF /* MainViewController.swift */ = {isa = PBXFileReference; fileEncoding = 4; lastKnownFileType = sourcecode.swift; name = MainViewController.swift; path = controllers/MainViewController.swift; sourceTree = "<group>"; };
		C7F851C11969F58F002B38FF /* CameraPreviewView.swift */ = {isa = PBXFileReference; fileEncoding = 4; lastKnownFileType = sourcecode.swift; name = CameraPreviewView.swift; path = views/CameraPreviewView.swift; sourceTree = "<group>"; };
		C7F851C31969F639002B38FF /* AVFoundation.framework */ = {isa = PBXFileReference; lastKnownFileType = wrapper.framework; name = AVFoundation.framework; path = Platforms/iPhoneOS.platform/Developer/SDKs/iPhoneOS7.1.sdk/System/Library/Frameworks/AVFoundation.framework; sourceTree = DEVELOPER_DIR; };
/* End PBXFileReference section */

/* Begin PBXFrameworksBuildPhase section */
		C707AC77195E127E00E43F53 /* Frameworks */ = {
			isa = PBXFrameworksBuildPhase;
			buildActionMask = 2147483647;
			files = (
				C7B17425197175EC008F00E6 /* MapKit.framework in Frameworks */,
				C7F851C41969F639002B38FF /* AVFoundation.framework in Frameworks */,
				5A189F2046C6419EB0E03A8A /* libPods.a in Frameworks */,
			);
			runOnlyForDeploymentPostprocessing = 0;
		};
		C707AC89195E127F00E43F53 /* Frameworks */ = {
			isa = PBXFrameworksBuildPhase;
			buildActionMask = 2147483647;
			files = (
			);
			runOnlyForDeploymentPostprocessing = 0;
		};
/* End PBXFrameworksBuildPhase section */

/* Begin PBXGroup section */
		C707AC71195E127E00E43F53 = {
			isa = PBXGroup;
			children = (
				C707AC7C195E127F00E43F53 /* CiudadInvisible */,
				C707AC8F195E127F00E43F53 /* CiudadInvisibleTests */,
				C707AC7B195E127F00E43F53 /* Products */,
				217DE757A0F64215828105CE /* Pods.xcconfig */,
				C7F851BC1968A599002B38FF /* UIImage+ImageEffects.h */,
				C7F851BD1968A599002B38FF /* UIImage+ImageEffects.m */,
				C7ACF320196856A600EB74D5 /* CiudadInvisible-Bridging-Header.h */,
				CE1364FB7F454404B0F45ADE /* Frameworks */,
			);
			sourceTree = "<group>";
		};
		C707AC7B195E127F00E43F53 /* Products */ = {
			isa = PBXGroup;
			children = (
				C707AC7A195E127F00E43F53 /* CiudadInvisible.app */,
				C707AC8C195E127F00E43F53 /* CiudadInvisibleTests.xctest */,
			);
			name = Products;
			sourceTree = "<group>";
		};
		C707AC7C195E127F00E43F53 /* CiudadInvisible */ = {
			isa = PBXGroup;
			children = (
				C7ACF321196858C100EB74D5 /* Model */,
				C718C1FE195F0B6900389FFD /* Views */,
				C718C1ED195E18DE00389FFD /* Controllers */,
				C718C1F8195EF8DF00389FFD /* Resources */,
				C707AC7F195E127F00E43F53 /* AppDelegate.swift */,
				C707AC83195E127F00E43F53 /* Main.storyboard */,
				C707AC86195E127F00E43F53 /* Images.xcassets */,
				C707AC7D195E127F00E43F53 /* Supporting Files */,
			);
			path = CiudadInvisible;
			sourceTree = "<group>";
		};
		C707AC7D195E127F00E43F53 /* Supporting Files */ = {
			isa = PBXGroup;
			children = (
				C707AC7E195E127F00E43F53 /* Info.plist */,
			);
			name = "Supporting Files";
			sourceTree = "<group>";
		};
		C707AC8F195E127F00E43F53 /* CiudadInvisibleTests */ = {
			isa = PBXGroup;
			children = (
				C707AC92195E127F00E43F53 /* CiudadInvisibleTests.swift */,
				C707AC90195E127F00E43F53 /* Supporting Files */,
			);
			path = CiudadInvisibleTests;
			sourceTree = "<group>";
		};
		C707AC90195E127F00E43F53 /* Supporting Files */ = {
			isa = PBXGroup;
			children = (
				C707AC91195E127F00E43F53 /* Info.plist */,
			);
			name = "Supporting Files";
			sourceTree = "<group>";
		};
		C718C1ED195E18DE00389FFD /* Controllers */ = {
			isa = PBXGroup;
			children = (
				C718C1F4195EF79100389FFD /* PostsViewController.swift */,
				C7F851BF1969F405002B38FF /* MainViewController.swift */,
				C7A71A06196EC7C1008C82F4 /* PublicarMediaViewController.swift */,
				C79D38EC196F257F00C8A4C8 /* PostsSlideViewController.swift */,
				C7ACF3241968673900EB74D5 /* PostsDetailViewController.swift */,
				C7B17422197174FD008F00E6 /* PublicarMapaViewController.swift */,
			);
			name = Controllers;
			sourceTree = "<group>";
		};
		C718C1F8195EF8DF00389FFD /* Resources */ = {
			isa = PBXGroup;
			children = (
				C718C1F9195EF8EC00389FFD /* Images */,
			);
			name = Resources;
			sourceTree = "<group>";
		};
		C718C1F9195EF8EC00389FFD /* Images */ = {
			isa = PBXGroup;
			children = (
				C7353A27197AADF4002F4E54 /* bg4@2x.jpg */,
				C79D38BD196ED0AE00C8A4C8 /* eliminarImagen@2x.png */,
				C79D38BE196ED0AE00C8A4C8 /* camaraImagen@2x.png */,
				C7072B2A1963052300F8A244 /* bg-general@2x.png */,
				C718C1FA195EF91F00389FFD /* bg1@2x.jpg */,
				C7072B2E1963638500F8A244 /* bg2@2x.jpg */,
				C7072B301963639B00F8A244 /* bg3@2x.jpg */,
				C718C1FC195EFE7000389FFD /* camera@2x.png */,
			);
			name = Images;
			sourceTree = "<group>";
		};
		C718C1FE195F0B6900389FFD /* Views */ = {
			isa = PBXGroup;
			children = (
				C7353A2C197ABC32002F4E54 /* HelperForms.swift */,
				C7353A29197AB2F0002F4E54 /* Cells */,
				C718C201195F0C9300389FFD /* PostView.swift */,
				C7072B2C19631FAB00F8A244 /* DetailPostView.swift */,
				C7F851C11969F58F002B38FF /* CameraPreviewView.swift */,
			);
			name = Views;
			sourceTree = "<group>";
		};
		C7353A29197AB2F0002F4E54 /* Cells */ = {
			isa = PBXGroup;
			children = (
				C79D38EE196F270200C8A4C8 /* PostSlideCell.swift */,
				C7353A2A197AB310002F4E54 /* PostDetailMapCell.swift */,
			);
			name = Cells;
			sourceTree = "<group>";
		};
		C7ACF321196858C100EB74D5 /* Model */ = {
			isa = PBXGroup;
			children = (
				C7ACF3221968590600EB74D5 /* RestApiHelper.swift */,
				C79D38F0196F292800C8A4C8 /* Post.swift */,
			);
			name = Model;
			sourceTree = "<group>";
		};
		CE1364FB7F454404B0F45ADE /* Frameworks */ = {
			isa = PBXGroup;
			children = (
				C7B17424197175EC008F00E6 /* MapKit.framework */,
				C7F851C31969F639002B38FF /* AVFoundation.framework */,
				6CCE688C1A5348818DD0B369 /* libPods.a */,
			);
			name = Frameworks;
			sourceTree = "<group>";
		};
/* End PBXGroup section */

/* Begin PBXNativeTarget section */
		C707AC79195E127E00E43F53 /* CiudadInvisible */ = {
			isa = PBXNativeTarget;
			buildConfigurationList = C707AC96195E127F00E43F53 /* Build configuration list for PBXNativeTarget "CiudadInvisible" */;
			buildPhases = (
				4C609D981CC447859466C6D3 /* Check Pods Manifest.lock */,
				C707AC76195E127E00E43F53 /* Sources */,
				C707AC77195E127E00E43F53 /* Frameworks */,
				C707AC78195E127E00E43F53 /* Resources */,
				AAD9E64CA7E34A8096EF501E /* Copy Pods Resources */,
			);
			buildRules = (
			);
			dependencies = (
			);
			name = CiudadInvisible;
			productName = CiudadInvisible;
			productReference = C707AC7A195E127F00E43F53 /* CiudadInvisible.app */;
			productType = "com.apple.product-type.application";
		};
		C707AC8B195E127F00E43F53 /* CiudadInvisibleTests */ = {
			isa = PBXNativeTarget;
			buildConfigurationList = C707AC99195E127F00E43F53 /* Build configuration list for PBXNativeTarget "CiudadInvisibleTests" */;
			buildPhases = (
				C707AC88195E127F00E43F53 /* Sources */,
				C707AC89195E127F00E43F53 /* Frameworks */,
				C707AC8A195E127F00E43F53 /* Resources */,
			);
			buildRules = (
			);
			dependencies = (
				C707AC8E195E127F00E43F53 /* PBXTargetDependency */,
			);
			name = CiudadInvisibleTests;
			productName = CiudadInvisibleTests;
			productReference = C707AC8C195E127F00E43F53 /* CiudadInvisibleTests.xctest */;
			productType = "com.apple.product-type.bundle.unit-test";
		};
/* End PBXNativeTarget section */

/* Begin PBXProject section */
		C707AC72195E127E00E43F53 /* Project object */ = {
			isa = PBXProject;
			attributes = {
				LastUpgradeCheck = 0600;
				ORGANIZATIONNAME = CiudadInvisible;
				TargetAttributes = {
					C707AC79195E127E00E43F53 = {
						CreatedOnToolsVersion = 6.0;
					};
					C707AC8B195E127F00E43F53 = {
						CreatedOnToolsVersion = 6.0;
						TestTargetID = C707AC79195E127E00E43F53;
					};
				};
			};
			buildConfigurationList = C707AC75195E127E00E43F53 /* Build configuration list for PBXProject "CiudadInvisible" */;
			compatibilityVersion = "Xcode 3.2";
			developmentRegion = English;
			hasScannedForEncodings = 0;
			knownRegions = (
				en,
				Base,
			);
			mainGroup = C707AC71195E127E00E43F53;
			productRefGroup = C707AC7B195E127F00E43F53 /* Products */;
			projectDirPath = "";
			projectRoot = "";
			targets = (
				C707AC79195E127E00E43F53 /* CiudadInvisible */,
				C707AC8B195E127F00E43F53 /* CiudadInvisibleTests */,
			);
		};
/* End PBXProject section */

/* Begin PBXResourcesBuildPhase section */
		C707AC78195E127E00E43F53 /* Resources */ = {
			isa = PBXResourcesBuildPhase;
			buildActionMask = 2147483647;
			files = (
				C718C1FD195EFE7000389FFD /* camera@2x.png in Resources */,
				C707AC85195E127F00E43F53 /* Main.storyboard in Resources */,
				C7072B2F1963638500F8A244 /* bg2@2x.jpg in Resources */,
				C7353A28197AADF4002F4E54 /* bg4@2x.jpg in Resources */,
				C718C1FB195EF91F00389FFD /* bg1@2x.jpg in Resources */,
				C7072B2B1963052300F8A244 /* bg-general@2x.png in Resources */,
				C79D38BF196ED0AE00C8A4C8 /* eliminarImagen@2x.png in Resources */,
				C7072B311963639B00F8A244 /* bg3@2x.jpg in Resources */,
				C707AC87195E127F00E43F53 /* Images.xcassets in Resources */,
				C79D38C0196ED0AE00C8A4C8 /* camaraImagen@2x.png in Resources */,
			);
			runOnlyForDeploymentPostprocessing = 0;
		};
		C707AC8A195E127F00E43F53 /* Resources */ = {
			isa = PBXResourcesBuildPhase;
			buildActionMask = 2147483647;
			files = (
			);
			runOnlyForDeploymentPostprocessing = 0;
		};
/* End PBXResourcesBuildPhase section */

/* Begin PBXShellScriptBuildPhase section */
		4C609D981CC447859466C6D3 /* Check Pods Manifest.lock */ = {
			isa = PBXShellScriptBuildPhase;
			buildActionMask = 2147483647;
			files = (
			);
			inputPaths = (
			);
			name = "Check Pods Manifest.lock";
			outputPaths = (
			);
			runOnlyForDeploymentPostprocessing = 0;
			shellPath = /bin/sh;
			shellScript = "diff \"${PODS_ROOT}/../Podfile.lock\" \"${PODS_ROOT}/Manifest.lock\" > /dev/null\nif [[ $? != 0 ]] ; then\n    cat << EOM\nerror: The sandbox is not in sync with the Podfile.lock. Run 'pod install' or update your CocoaPods installation.\nEOM\n    exit 1\nfi\n";
			showEnvVarsInLog = 0;
		};
		AAD9E64CA7E34A8096EF501E /* Copy Pods Resources */ = {
			isa = PBXShellScriptBuildPhase;
			buildActionMask = 2147483647;
			files = (
			);
			inputPaths = (
			);
			name = "Copy Pods Resources";
			outputPaths = (
			);
			runOnlyForDeploymentPostprocessing = 0;
			shellPath = /bin/sh;
			shellScript = "\"${SRCROOT}/Pods/Pods-resources.sh\"\n";
			showEnvVarsInLog = 0;
		};
/* End PBXShellScriptBuildPhase section */

/* Begin PBXSourcesBuildPhase section */
		C707AC76195E127E00E43F53 /* Sources */ = {
			isa = PBXSourcesBuildPhase;
			buildActionMask = 2147483647;
			files = (
				C7F851BE1968A599002B38FF /* UIImage+ImageEffects.m in Sources */,
				C79D38EF196F270200C8A4C8 /* PostSlideCell.swift in Sources */,
				C7ACF3231968590600EB74D5 /* RestApiHelper.swift in Sources */,
				C7353A2D197ABC32002F4E54 /* HelperForms.swift in Sources */,
				C7F851C21969F58F002B38FF /* CameraPreviewView.swift in Sources */,
				C79D38F1196F292800C8A4C8 /* Post.swift in Sources */,
				C718C1F5195EF79100389FFD /* PostsViewController.swift in Sources */,
				C7353A2B197AB310002F4E54 /* PostDetailMapCell.swift in Sources */,
				C718C202195F0C9300389FFD /* PostView.swift in Sources */,
				C7A71A07196EC7C1008C82F4 /* PublicarMediaViewController.swift in Sources */,
				C707AC80195E127F00E43F53 /* AppDelegate.swift in Sources */,
				C79D38ED196F257F00C8A4C8 /* PostsSlideViewController.swift in Sources */,
				C7B17423197174FD008F00E6 /* PublicarMapaViewController.swift in Sources */,
				C7F851C01969F405002B38FF /* MainViewController.swift in Sources */,
				C7072B2D19631FAB00F8A244 /* DetailPostView.swift in Sources */,
				C7ACF3251968673900EB74D5 /* PostsDetailViewController.swift in Sources */,
			);
			runOnlyForDeploymentPostprocessing = 0;
		};
		C707AC88195E127F00E43F53 /* Sources */ = {
			isa = PBXSourcesBuildPhase;
			buildActionMask = 2147483647;
			files = (
				C707AC93195E127F00E43F53 /* CiudadInvisibleTests.swift in Sources */,
			);
			runOnlyForDeploymentPostprocessing = 0;
		};
/* End PBXSourcesBuildPhase section */

/* Begin PBXTargetDependency section */
		C707AC8E195E127F00E43F53 /* PBXTargetDependency */ = {
			isa = PBXTargetDependency;
			target = C707AC79195E127E00E43F53 /* CiudadInvisible */;
			targetProxy = C707AC8D195E127F00E43F53 /* PBXContainerItemProxy */;
		};
/* End PBXTargetDependency section */

/* Begin PBXVariantGroup section */
		C707AC83195E127F00E43F53 /* Main.storyboard */ = {
			isa = PBXVariantGroup;
			children = (
				C707AC84195E127F00E43F53 /* Base */,
			);
			name = Main.storyboard;
			sourceTree = "<group>";
		};
/* End PBXVariantGroup section */

/* Begin XCBuildConfiguration section */
		C707AC94195E127F00E43F53 /* Debug */ = {
			isa = XCBuildConfiguration;
			buildSettings = {
				ALWAYS_SEARCH_USER_PATHS = NO;
				CLANG_CXX_LANGUAGE_STANDARD = "gnu++0x";
				CLANG_CXX_LIBRARY = "libc++";
				CLANG_ENABLE_MODULES = YES;
				CLANG_ENABLE_OBJC_ARC = YES;
				CLANG_WARN_BOOL_CONVERSION = YES;
				CLANG_WARN_CONSTANT_CONVERSION = YES;
				CLANG_WARN_DIRECT_OBJC_ISA_USAGE = YES_ERROR;
				CLANG_WARN_EMPTY_BODY = YES;
				CLANG_WARN_ENUM_CONVERSION = YES;
				CLANG_WARN_INT_CONVERSION = YES;
				CLANG_WARN_OBJC_ROOT_CLASS = YES_ERROR;
				CLANG_WARN_UNREACHABLE_CODE = YES;
				CLANG_WARN__DUPLICATE_METHOD_MATCH = YES;
				"CODE_SIGN_IDENTITY[sdk=iphoneos*]" = "iPhone Developer";
				COPY_PHASE_STRIP = NO;
				ENABLE_STRICT_OBJC_MSGSEND = YES;
				GCC_C_LANGUAGE_STANDARD = gnu99;
				GCC_DYNAMIC_NO_PIC = NO;
				GCC_OPTIMIZATION_LEVEL = 0;
				GCC_PREPROCESSOR_DEFINITIONS = (
					"DEBUG=1",
					"$(inherited)",
				);
				GCC_SYMBOLS_PRIVATE_EXTERN = NO;
				GCC_WARN_64_TO_32_BIT_CONVERSION = YES;
				GCC_WARN_ABOUT_RETURN_TYPE = YES_ERROR;
				GCC_WARN_UNDECLARED_SELECTOR = YES;
				GCC_WARN_UNINITIALIZED_AUTOS = YES_AGGRESSIVE;
				GCC_WARN_UNUSED_FUNCTION = YES;
				GCC_WARN_UNUSED_VARIABLE = YES;
				IPHONEOS_DEPLOYMENT_TARGET = 7.0;
				METAL_ENABLE_DEBUG_INFO = YES;
				ONLY_ACTIVE_ARCH = YES;
				SDKROOT = iphoneos;
				SWIFT_OPTIMIZATION_LEVEL = "-Onone";
			};
			name = Debug;
		};
		C707AC95195E127F00E43F53 /* Release */ = {
			isa = XCBuildConfiguration;
			buildSettings = {
				ALWAYS_SEARCH_USER_PATHS = NO;
				CLANG_CXX_LANGUAGE_STANDARD = "gnu++0x";
				CLANG_CXX_LIBRARY = "libc++";
				CLANG_ENABLE_MODULES = YES;
				CLANG_ENABLE_OBJC_ARC = YES;
				CLANG_WARN_BOOL_CONVERSION = YES;
				CLANG_WARN_CONSTANT_CONVERSION = YES;
				CLANG_WARN_DIRECT_OBJC_ISA_USAGE = YES_ERROR;
				CLANG_WARN_EMPTY_BODY = YES;
				CLANG_WARN_ENUM_CONVERSION = YES;
				CLANG_WARN_INT_CONVERSION = YES;
				CLANG_WARN_OBJC_ROOT_CLASS = YES_ERROR;
				CLANG_WARN_UNREACHABLE_CODE = YES;
				CLANG_WARN__DUPLICATE_METHOD_MATCH = YES;
				"CODE_SIGN_IDENTITY[sdk=iphoneos*]" = "iPhone Developer";
				COPY_PHASE_STRIP = YES;
				ENABLE_NS_ASSERTIONS = NO;
				ENABLE_STRICT_OBJC_MSGSEND = YES;
				GCC_C_LANGUAGE_STANDARD = gnu99;
				GCC_WARN_64_TO_32_BIT_CONVERSION = YES;
				GCC_WARN_ABOUT_RETURN_TYPE = YES_ERROR;
				GCC_WARN_UNDECLARED_SELECTOR = YES;
				GCC_WARN_UNINITIALIZED_AUTOS = YES_AGGRESSIVE;
				GCC_WARN_UNUSED_FUNCTION = YES;
				GCC_WARN_UNUSED_VARIABLE = YES;
				IPHONEOS_DEPLOYMENT_TARGET = 7.0;
				METAL_ENABLE_DEBUG_INFO = NO;
				SDKROOT = iphoneos;
				VALIDATE_PRODUCT = YES;
			};
			name = Release;
		};
		C707AC97195E127F00E43F53 /* Debug */ = {
			isa = XCBuildConfiguration;
			baseConfigurationReference = 217DE757A0F64215828105CE /* Pods.xcconfig */;
			buildSettings = {
				ASSETCATALOG_COMPILER_APPICON_NAME = AppIcon;
				ASSETCATALOG_COMPILER_LAUNCHIMAGE_NAME = LaunchImage;
				DEFINES_MODULE = YES;
				INFOPLIST_FILE = CiudadInvisible/Info.plist;
				IPHONEOS_DEPLOYMENT_TARGET = 7.0;
				LD_RUNPATH_SEARCH_PATHS = "$(inherited) @executable_path/Frameworks";
				PRODUCT_NAME = "$(TARGET_NAME)";
				SDKROOT = iphoneos7.0;
				SWIFT_OBJC_BRIDGING_HEADER = "CiudadInvisible-Bridging-Header.h";
			};
			name = Debug;
		};
		C707AC98195E127F00E43F53 /* Release */ = {
			isa = XCBuildConfiguration;
			baseConfigurationReference = 217DE757A0F64215828105CE /* Pods.xcconfig */;
			buildSettings = {
				ASSETCATALOG_COMPILER_APPICON_NAME = AppIcon;
				ASSETCATALOG_COMPILER_LAUNCHIMAGE_NAME = LaunchImage;
				DEFINES_MODULE = YES;
				INFOPLIST_FILE = CiudadInvisible/Info.plist;
				IPHONEOS_DEPLOYMENT_TARGET = 7.0;
				LD_RUNPATH_SEARCH_PATHS = "$(inherited) @executable_path/Frameworks";
				PRODUCT_NAME = "$(TARGET_NAME)";
				SDKROOT = iphoneos7.0;
				SWIFT_OBJC_BRIDGING_HEADER = "CiudadInvisible-Bridging-Header.h";
			};
			name = Release;
		};
		C707AC9A195E127F00E43F53 /* Debug */ = {
			isa = XCBuildConfiguration;
			buildSettings = {
				BUNDLE_LOADER = "$(BUILT_PRODUCTS_DIR)/CiudadInvisible.app/CiudadInvisible";
				FRAMEWORK_SEARCH_PATHS = (
					"$(SDKROOT)/Developer/Library/Frameworks",
					"$(inherited)",
				);
				GCC_PREPROCESSOR_DEFINITIONS = (
					"DEBUG=1",
					"$(inherited)",
				);
				INFOPLIST_FILE = CiudadInvisibleTests/Info.plist;
				LD_RUNPATH_SEARCH_PATHS = "$(inherited) @executable_path/Frameworks @loader_path/Frameworks";
				METAL_ENABLE_DEBUG_INFO = YES;
				PRODUCT_NAME = "$(TARGET_NAME)";
				TEST_HOST = "$(BUNDLE_LOADER)";
			};
			name = Debug;
		};
		C707AC9B195E127F00E43F53 /* Release */ = {
			isa = XCBuildConfiguration;
			buildSettings = {
				BUNDLE_LOADER = "$(BUILT_PRODUCTS_DIR)/CiudadInvisible.app/CiudadInvisible";
				FRAMEWORK_SEARCH_PATHS = (
					"$(SDKROOT)/Developer/Library/Frameworks",
					"$(inherited)",
				);
				INFOPLIST_FILE = CiudadInvisibleTests/Info.plist;
				LD_RUNPATH_SEARCH_PATHS = "$(inherited) @executable_path/Frameworks @loader_path/Frameworks";
				METAL_ENABLE_DEBUG_INFO = NO;
				PRODUCT_NAME = "$(TARGET_NAME)";
				TEST_HOST = "$(BUNDLE_LOADER)";
			};
			name = Release;
		};
/* End XCBuildConfiguration section */

/* Begin XCConfigurationList section */
		C707AC75195E127E00E43F53 /* Build configuration list for PBXProject "CiudadInvisible" */ = {
			isa = XCConfigurationList;
			buildConfigurations = (
				C707AC94195E127F00E43F53 /* Debug */,
				C707AC95195E127F00E43F53 /* Release */,
			);
			defaultConfigurationIsVisible = 0;
			defaultConfigurationName = Release;
		};
		C707AC96195E127F00E43F53 /* Build configuration list for PBXNativeTarget "CiudadInvisible" */ = {
			isa = XCConfigurationList;
			buildConfigurations = (
				C707AC97195E127F00E43F53 /* Debug */,
				C707AC98195E127F00E43F53 /* Release */,
			);
			defaultConfigurationIsVisible = 0;
			defaultConfigurationName = Release;
		};
		C707AC99195E127F00E43F53 /* Build configuration list for PBXNativeTarget "CiudadInvisibleTests" */ = {
			isa = XCConfigurationList;
			buildConfigurations = (
				C707AC9A195E127F00E43F53 /* Debug */,
				C707AC9B195E127F00E43F53 /* Release */,
			);
			defaultConfigurationIsVisible = 0;
			defaultConfigurationName = Release;
		};
/* End XCConfigurationList section */
	};
	rootObject = C707AC72195E127E00E43F53 /* Project object */;
}
